{
    "name": "@codearts/plugin",
    "version": "0.0.1",
    "lockfileVersion": 1,
    "requires": true,
    "dependencies": {
        "balanced-match": {
            "version": "1.0.2",
            "resolved": "https://repo.huaweicloud.com/repository/npm/balanced-match/-/balanced-match-1.0.2.tgz",
            "integrity": "sha512-3oSeUO0TMV67hN1AmbXsK4yaqU7tjiHlbxRDZOpH0KW9+CeX4bRAaX0Anxt0tx2MrpRpWwQaPwIlISEJhYU5Pw==",
            "dev": true
        },
        "brace-expansion": {
            "version": "2.0.1",
            "resolved": "https://repo.huaweicloud.com/repository/npm/brace-expansion/-/brace-expansion-2.0.1.tgz",
            "integrity": "sha512-XnAIvQ8eM+kC6aULx6wuQiwVsnzsi9d3WxzV3FpWTGA19F621kwdbsAcFKXgKUHZWsy+mY6iL1sHTxWEFCytDA==",
            "dev": true,
            "requires": {
                "balanced-match": "^1.0.0"
            }
        },
        "jsonc-parser": {
            "version": "3.0.0",
            "resolved": "https://repo.huaweicloud.com/repository/npm/jsonc-parser/-/jsonc-parser-3.0.0.tgz",
            "integrity": "sha512-fQzRfAbIBnR0IQvftw9FJveWiHp72Fg20giDrHz6TdfB12UH/uue0D3hm57UB5KgAVuniLMCaS8P1IMj9NR7cA==",
            "dev": true
        },
        "lunr": {
            "version": "2.3.9",
            "resolved": "https://repo.huaweicloud.com/repository/npm/lunr/-/lunr-2.3.9.tgz",
            "integrity": "sha512-zTU3DaZaF3Rt9rhN3uBMGQD3dD2/vFQqnvZCDv4dl5iOzq2IZQqTxu90r4E5J+nP70J3ilqVCrbho2eWaeW8Ow==",
            "dev": true
        },
        "marked": {
            "version": "4.0.17",
            "resolved": "https://repo.huaweicloud.com/repository/npm/marked/-/marked-4.0.17.tgz",
            "integrity": "sha512-Wfk0ATOK5iPxM4ptrORkFemqroz0ZDxp5MWfYA7H/F+wO17NRWV5Ypxi6p3g2Xmw2bKeiYOl6oVnLHKxBA0VhA==",
            "dev": true
        },
        "minimatch": {
            "version": "5.1.0",
            "resolved": "https://repo.huaweicloud.com/repository/npm/minimatch/-/minimatch-5.1.0.tgz",
            "integrity": "sha512-9TPBGGak4nHfGZsPBohm9AWg6NoT7QTCehS3BIJABslyZbzxfV78QM2Y6+i741OPZIafFAaiiEMh5OyIrJPgtg==",
            "dev": true,
            "requires": {
                "brace-expansion": "^2.0.1"
            }
        },
        "shiki": {
            "version": "0.10.1",
            "resolved": "https://repo.huaweicloud.com/repository/npm/shiki/-/shiki-0.10.1.tgz",
            "integrity": "sha512-VsY7QJVzU51j5o1+DguUd+6vmCmZ5v/6gYu4vyYAhzjuNQU6P/vmSy4uQaOhvje031qQMiW0d2BwgMH52vqMng==",
            "dev": true,
            "requires": {
                "jsonc-parser": "^3.0.0",
                "vscode-oniguruma": "^1.6.1",
                "vscode-textmate": "5.2.0"
            }
        },
        "typedoc": {
            "version": "0.23.5",
            "resolved": "https://repo.huaweicloud.com/repository/npm/typedoc/-/typedoc-0.23.5.tgz",
            "integrity": "sha512-5ydWUOe4E9Z3a/r33cC5X5CJPLnFDKIondHYtdnEnO0sa/s8f+Nrfe+LBGOk/UTkV2IPYyL1Gm1PtUKIihklyw==",
            "dev": true,
            "requires": {
                "lunr": "^2.3.9",
                "marked": "^4.0.16",
                "minimatch": "^5.1.0",
                "shiki": "^0.10.1"
            }
        },
        "vscode-oniguruma": {
            "version": "1.6.2",
            "resolved": "https://repo.huaweicloud.com/repository/npm/vscode-oniguruma/-/vscode-oniguruma-1.6.2.tgz",
            "integrity": "sha512-KH8+KKov5eS/9WhofZR8M8dMHWN2gTxjMsG4jd04YhpbPR91fUj7rYQ2/XjeHCJWbg7X++ApRIU9NUwM2vTvLA==",
            "dev": true
        },
        "vscode-textmate": {
            "version": "5.2.0",
            "resolved": "https://repo.huaweicloud.com/repository/npm/vscode-textmate/-/vscode-textmate-5.2.0.tgz",
            "integrity": "sha512-Uw5ooOQxRASHgu6C7GVvUxisKXfSgW4oFlO+aa+PAkgmH89O3CXxEEzNRNtHSqtXFTl0nAC1uYj0GMSH27uwtQ==",
            "dev": true
        }
    }
}
