{
    "name": "@codearts/plugin",
    "version": "0.0.2",
    "lockfileVersion": 1,
    "requires": true,
    "dependencies": {
        "balanced-match": {
            "version": "1.0.2",
            "resolved": "https://repo.huaweicloud.com/repository/npm/balanced-match/-/balanced-match-1.0.2.tgz",
            "integrity": "sha512-3oSeUO0TMV67hN1AmbXsK4yaqU7tjiHlbxRDZOpH0KW9+CeX4bRAaX0Anxt0tx2MrpRpWwQaPwIlISEJhYU5Pw==",
            "dev": true
        },
        "brace-expansion": {
            "version": "1.1.11",
            "resolved": "https://repo.huaweicloud.com/repository/npm/brace-expansion/-/brace-expansion-1.1.11.tgz",
            "integrity": "sha512-iCuPHDFgrHX7H2vEI/5xpz07zSHB00TpugqhmYtVmMO6518mCuRMoOYFldEBl0g187ufozdaHgWKcYFb61qGiA==",
            "dev": true,
            "requires": {
                "balanced-match": "^1.0.0",
                "concat-map": "0.0.1"
            }
        },
        "concat-map": {
            "version": "0.0.1",
            "resolved": "https://repo.huaweicloud.com/repository/npm/concat-map/-/concat-map-0.0.1.tgz",
            "integrity": "sha512-/Srv4dswyQNBfohGpz9o6Yb3Gz3SrUDqBH5rTuhGR7ahtlbYKnVxw2bCFMRljaA7EXHaXZ8wsHdodFvbkhKmqg==",
            "dev": true
        },
        "fs.realpath": {
            "version": "1.0.0",
            "resolved": "https://repo.huaweicloud.com/repository/npm/fs.realpath/-/fs.realpath-1.0.0.tgz",
            "integrity": "sha512-OO0pH2lK6a0hZnAdau5ItzHPI6pUlvI7jMVnxUQRtw4owF2wk8lOSabtGDCTP4Ggrg2MbGnWO9X8K1t4+fGMDw==",
            "dev": true
        },
        "glob": {
            "version": "7.2.3",
            "resolved": "https://repo.huaweicloud.com/repository/npm/glob/-/glob-7.2.3.tgz",
            "integrity": "sha512-nFR0zLpU2YCaRxwoCJvL6UvCH2JFyFVIvwTLsIf21AuHlMskA1hhTdk+LlYJtOlYt9v6dvszD2BGRqBL+iQK9Q==",
            "dev": true,
            "requires": {
                "fs.realpath": "^1.0.0",
                "inflight": "^1.0.4",
                "inherits": "2",
                "minimatch": "^3.1.1",
                "once": "^1.3.0",
                "path-is-absolute": "^1.0.0"
            }
        },
        "handlebars": {
            "version": "4.7.7",
            "resolved": "https://repo.huaweicloud.com/repository/npm/handlebars/-/handlebars-4.7.7.tgz",
            "integrity": "sha512-aAcXm5OAfE/8IXkcZvCepKU3VzW1/39Fb5ZuqMtgI/hT8X2YgoMvBY5dLhq/cpOvw7Lk1nK/UF71aLG/ZnVYRA==",
            "dev": true,
            "requires": {
                "minimist": "^1.2.5",
                "neo-async": "^2.6.0",
                "source-map": "^0.6.1",
                "uglify-js": "^3.1.4",
                "wordwrap": "^1.0.0"
            }
        },
        "inflight": {
            "version": "1.0.6",
            "resolved": "https://repo.huaweicloud.com/repository/npm/inflight/-/inflight-1.0.6.tgz",
            "integrity": "sha512-k92I/b08q4wvFscXCLvqfsHCrjrF7yiXsQuIVvVE7N82W3+aqpzuUdBbfhWcy/FZR3/4IgflMgKLOsvPDrGCJA==",
            "dev": true,
            "requires": {
                "once": "^1.3.0",
                "wrappy": "1"
            }
        },
        "inherits": {
            "version": "2.0.4",
            "resolved": "https://repo.huaweicloud.com/repository/npm/inherits/-/inherits-2.0.4.tgz",
            "integrity": "sha512-k/vGaX4/Yla3WzyMCvTQOXYeIHvqOKtnqBduzTHpzpQZzAskKMhZ2K+EnBiSM9zGSoIFeMpXKxa4dYeZIQqewQ==",
            "dev": true
        },
        "jsonc-parser": {
            "version": "3.0.0",
            "resolved": "https://repo.huaweicloud.com/repository/npm/jsonc-parser/-/jsonc-parser-3.0.0.tgz",
            "integrity": "sha512-fQzRfAbIBnR0IQvftw9FJveWiHp72Fg20giDrHz6TdfB12UH/uue0D3hm57UB5KgAVuniLMCaS8P1IMj9NR7cA==",
            "dev": true
        },
        "lunr": {
            "version": "2.3.9",
            "resolved": "https://repo.huaweicloud.com/repository/npm/lunr/-/lunr-2.3.9.tgz",
            "integrity": "sha512-zTU3DaZaF3Rt9rhN3uBMGQD3dD2/vFQqnvZCDv4dl5iOzq2IZQqTxu90r4E5J+nP70J3ilqVCrbho2eWaeW8Ow==",
            "dev": true
        },
        "marked": {
            "version": "3.0.8",
            "resolved": "https://repo.huaweicloud.com/repository/npm/marked/-/marked-3.0.8.tgz",
            "integrity": "sha512-0gVrAjo5m0VZSJb4rpL59K1unJAMb/hm8HRXqasD8VeC8m91ytDPMritgFSlKonfdt+rRYYpP/JfLxgIX8yoSw==",
            "dev": true
        },
        "minimatch": {
            "version": "3.1.2",
            "resolved": "https://repo.huaweicloud.com/repository/npm/minimatch/-/minimatch-3.1.2.tgz",
            "integrity": "sha512-J7p63hRiAjw1NDEww1W7i37+ByIrOWO5XQQAzZ3VOcL0PNybwpfmV/N05zFAzwQ9USyEcX6t3UO+K5aqBQOIHw==",
            "dev": true,
            "requires": {
                "brace-expansion": "^1.1.7"
            }
        },
        "minimist": {
            "version": "1.2.6",
            "resolved": "https://repo.huaweicloud.com/repository/npm/minimist/-/minimist-1.2.6.tgz",
            "integrity": "sha512-Jsjnk4bw3YJqYzbdyBiNsPWHPfO++UGG749Cxs6peCu5Xg4nrena6OVxOYxrQTqww0Jmwt+Ref8rggumkTLz9Q==",
            "dev": true
        },
        "neo-async": {
            "version": "2.6.2",
            "resolved": "https://repo.huaweicloud.com/repository/npm/neo-async/-/neo-async-2.6.2.tgz",
            "integrity": "sha512-Yd3UES5mWCSqR+qNT93S3UoYUkqAZ9lLg8a7g9rimsWmYGK8cVToA4/sF3RrshdyV3sAGMXVUmpMYOw+dLpOuw==",
            "dev": true
        },
        "once": {
            "version": "1.4.0",
            "resolved": "https://repo.huaweicloud.com/repository/npm/once/-/once-1.4.0.tgz",
            "integrity": "sha512-lNaJgI+2Q5URQBkccEKHTQOPaXdUxnZZElQTZY0MFUAuaEqe1E+Nyvgdz/aIyNi6Z9MzO5dv1H8n58/GELp3+w==",
            "dev": true,
            "requires": {
                "wrappy": "1"
            }
        },
        "path-is-absolute": {
            "version": "1.0.1",
            "resolved": "https://repo.huaweicloud.com/repository/npm/path-is-absolute/-/path-is-absolute-1.0.1.tgz",
            "integrity": "sha512-AVbw3UJ2e9bq64vSaS9Am0fje1Pa8pbGqTTsmXfaIiMpnr5DlDhfJOuLj9Sf95ZPVDAUerDfEk88MPmPe7UCQg==",
            "dev": true
        },
        "shiki": {
            "version": "0.9.15",
            "resolved": "https://repo.huaweicloud.com/repository/npm/shiki/-/shiki-0.9.15.tgz",
            "integrity": "sha512-/Y0z9IzhJ8nD9nbceORCqu6NgT9X6I8Fk8c3SICHI5NbZRLdZYFaB233gwct9sU0vvSypyaL/qaKvzyQGJBZSw==",
            "dev": true,
            "requires": {
                "jsonc-parser": "^3.0.0",
                "vscode-oniguruma": "^1.6.1",
                "vscode-textmate": "5.2.0"
            }
        },
        "source-map": {
            "version": "0.6.1",
            "resolved": "https://repo.huaweicloud.com/repository/npm/source-map/-/source-map-0.6.1.tgz",
            "integrity": "sha512-UjgapumWlbMhkBgzT7Ykc5YXUT46F0iKu8SGXq0bcwP5dz/h0Plj6enJqjz1Zbq2l5WaqYnrVbwWOWMyF3F47g==",
            "dev": true
        },
        "typedoc": {
            "version": "0.22.0",
            "resolved": "https://repo.huaweicloud.com/repository/npm/typedoc/-/typedoc-0.22.0.tgz",
            "integrity": "sha512-y6RnfkCHtU2NN3GqCQAQGvatxH1Vue3EU0SVBumvm198Ig9agiztwLH9h5wm8Nx91jCEd/nDKe3mTeiI/JlERA==",
            "dev": true,
            "requires": {
                "glob": "^7.1.7",
                "lunr": "^2.3.9",
                "marked": "^3.0.3",
                "minimatch": "^3.0.4",
                "shiki": "^0.9.10"
            }
        },
        "typedoc-plugin-markdown": {
            "version": "3.13.2",
            "resolved": "https://repo.huaweicloud.com/repository/npm/typedoc-plugin-markdown/-/typedoc-plugin-markdown-3.13.2.tgz",
            "integrity": "sha512-WpP+XW4TZ7yVIM9jSjTWUznZitXWY8OwSVRZAu65+lOI6tiIeUYEsgiFzIdGjNcWbwD6THNcJqATDoMVIp9RKw==",
            "dev": true,
            "requires": {
                "handlebars": "^4.7.7"
            }
        },
        "typescript": {
            "version": "4.7.4",
            "resolved": "https://repo.huaweicloud.com/repository/npm/typescript/-/typescript-4.7.4.tgz",
            "integrity": "sha512-C0WQT0gezHuw6AdY1M2jxUO83Rjf0HP7Sk1DtXj6j1EwkQNZrHAg2XPWlq62oqEhYvONq5pkC2Y9oPljWToLmQ==",
            "dev": true
        },
        "uglify-js": {
            "version": "3.16.2",
            "resolved": "https://repo.huaweicloud.com/repository/npm/uglify-js/-/uglify-js-3.16.2.tgz",
            "integrity": "sha512-AaQNokTNgExWrkEYA24BTNMSjyqEXPSfhqoS0AxmHkCJ4U+Dyy5AvbGV/sqxuxficEfGGoX3zWw9R7QpLFfEsg==",
            "dev": true,
            "optional": true
        },
        "vscode-oniguruma": {
            "version": "1.6.2",
            "resolved": "https://repo.huaweicloud.com/repository/npm/vscode-oniguruma/-/vscode-oniguruma-1.6.2.tgz",
            "integrity": "sha512-KH8+KKov5eS/9WhofZR8M8dMHWN2gTxjMsG4jd04YhpbPR91fUj7rYQ2/XjeHCJWbg7X++ApRIU9NUwM2vTvLA==",
            "dev": true
        },
        "vscode-textmate": {
            "version": "5.2.0",
            "resolved": "https://repo.huaweicloud.com/repository/npm/vscode-textmate/-/vscode-textmate-5.2.0.tgz",
            "integrity": "sha512-Uw5ooOQxRASHgu6C7GVvUxisKXfSgW4oFlO+aa+PAkgmH89O3CXxEEzNRNtHSqtXFTl0nAC1uYj0GMSH27uwtQ==",
            "dev": true
        },
        "wordwrap": {
            "version": "1.0.0",
            "resolved": "https://repo.huaweicloud.com/repository/npm/wordwrap/-/wordwrap-1.0.0.tgz",
            "integrity": "sha512-gvVzJFlPycKc5dZN4yPkP8w7Dc37BtP1yczEneOb4uq34pXZcvrtRTmWV8W+Ume+XCxKgbjM+nevkyFPMybd4Q==",
            "dev": true
        },
        "wrappy": {
            "version": "1.0.2",
            "resolved": "https://repo.huaweicloud.com/repository/npm/wrappy/-/wrappy-1.0.2.tgz",
            "integrity": "sha512-l4Sp/DRseor9wL6EvV2+TuQn63dMkPjZ/sp9XkghTEbV9KlPS1xUsZ3u7/IQO4wxtcFB4bgpQPRcR3QCvezPcQ==",
            "dev": true
        }
    }
}
